
Microsoft Visual Studio Solution File, Format Version 11.00
# Visual Studio 2010
Project("{FAE04EC0-301F-11D3-BF4B-00C04F79EFBC}") = "Wallboard", "Wallboard\Wallboard.csproj", "{02CA2924-2381-4340-978A-EA71FCEFC15B}"
EndProject
Project("{FAE04EC0-301F-11D3-BF4B-00C04F79EFBC}") = "Wallboard.Tests", "Wallboard.Tests\Wallboard.Tests.csproj", "{B73CCE63-71A4-44FB-87C9-1799B89DB937}"
EndProject
Global
	GlobalSection(SolutionConfigurationPlatforms) = preSolution
		Debug|Any CPU = Debug|Any CPU
		Release|Any CPU = Release|Any CPU
	EndGlobalSection
	GlobalSection(ProjectConfigurationPlatforms) = postSolution
		{02CA2924-2381-4340-978A-EA71FCEFC15B}.Debug|Any CPU.ActiveCfg = Debug|Any CPU
		{02CA2924-2381-4340-978A-EA71FCEFC15B}.Debug|Any CPU.Build.0 = Debug|Any CPU
		{02CA2924-2381-4340-978A-EA71FCEFC15B}.Release|Any CPU.ActiveCfg = Release|Any CPU
		{02CA2924-2381-4340-978A-EA71FCEFC15B}.Release|Any CPU.Build.0 = Release|Any CPU
		{B73CCE63-71A4-44FB-87C9-1799B89DB937}.Debug|Any CPU.ActiveCfg = Debug|Any CPU
		{B73CCE63-71A4-44FB-87C9-1799B89DB937}.Debug|Any CPU.Build.0 = Debug|Any CPU
		{B73CCE63-71A4-44FB-87C9-1799B89DB937}.Release|Any CPU.ActiveCfg = Release|Any CPU
		{B73CCE63-71A4-44FB-87C9-1799B89DB937}.Release|Any CPU.Build.0 = Release|Any CPU
	EndGlobalSection
	GlobalSection(SolutionProperties) = preSolution
		HideSolutionNode = FALSE
	EndGlobalSection
EndGlobal
